
Microsoft Visual Studio Solution File, Format Version 12.00
# Visual Studio 15
VisualStudioVersion = 15.0.27004.2002
MinimumVisualStudioVersion = 10.0.40219.1
Project("{FAE04EC0-301F-11D3-BF4B-00C04F79EFBC}") = "PikBot", "PikBot\PikBot.csproj", "{0ED61CA4-DE88-4B6D-87EE-55CBD65231F9}"
EndProject
Global
	GlobalSection(SolutionConfigurationPlatforms) = preSolution
		Debug|Any CPU = Debug|Any CPU
		Release|Any CPU = Release|Any CPU
	EndGlobalSection
	GlobalSection(ProjectConfigurationPlatforms) = postSolution
		{0ED61CA4-DE88-4B6D-87EE-55CBD65231F9}.Debug|Any CPU.ActiveCfg = Debug|Any CPU
		{0ED61CA4-DE88-4B6D-87EE-55CBD65231F9}.Debug|Any CPU.Build.0 = Debug|Any CPU
		{0ED61CA4-DE88-4B6D-87EE-55CBD65231F9}.Release|Any CPU.ActiveCfg = Release|Any CPU
		{0ED61CA4-DE88-4B6D-87EE-55CBD65231F9}.Release|Any CPU.Build.0 = Release|Any CPU
	EndGlobalSection
	GlobalSection(SolutionProperties) = preSolution
		HideSolutionNode = FALSE
	EndGlobalSection
	GlobalSection(ExtensibilityGlobals) = postSolution
		SolutionGuid = {FD175D8E-CD4C-42EE-A5BC-49EBF2002BBE}
	EndGlobalSection
EndGlobal
